
Microsoft Visual Studio Solution File, Format Version 12.00
# Visual Studio 15
Project("{FAE04EC0-301F-11D3-BF4B-00C04F79EFBC}") = "Assembly-CSharp", "Assembly-CSharp.csproj", "{210AEC5F-18CC-E48E-2F69-2CFF5391DD0D}"
EndProject
Project("{FAE04EC0-301F-11D3-BF4B-00C04F79EFBC}") = "Assembly-CSharp-Editor", "Assembly-CSharp-Editor.csproj", "{8E9A0E27-1161-2D6A-076E-A2AA547704F3}"
EndProject
Global
	GlobalSection(SolutionConfigurationPlatforms) = preSolution
		Debug|Any CPU = Debug|Any CPU
		Release|Any CPU = Release|Any CPU
	EndGlobalSection
	GlobalSection(ProjectConfigurationPlatforms) = postSolution
		{210AEC5F-18CC-E48E-2F69-2CFF5391DD0D}.Debug|Any CPU.ActiveCfg = Debug|Any CPU
		{210AEC5F-18CC-E48E-2F69-2CFF5391DD0D}.Debug|Any CPU.Build.0 = Debug|Any CPU
		{210AEC5F-18CC-E48E-2F69-2CFF5391DD0D}.Release|Any CPU.ActiveCfg = Release|Any CPU
		{210AEC5F-18CC-E48E-2F69-2CFF5391DD0D}.Release|Any CPU.Build.0 = Release|Any CPU
		{8E9A0E27-1161-2D6A-076E-A2AA547704F3}.Debug|Any CPU.ActiveCfg = Debug|Any CPU
		{8E9A0E27-1161-2D6A-076E-A2AA547704F3}.Debug|Any CPU.Build.0 = Debug|Any CPU
		{8E9A0E27-1161-2D6A-076E-A2AA547704F3}.Release|Any CPU.ActiveCfg = Release|Any CPU
		{8E9A0E27-1161-2D6A-076E-A2AA547704F3}.Release|Any CPU.Build.0 = Release|Any CPU
	EndGlobalSection
	GlobalSection(SolutionProperties) = preSolution
		HideSolutionNode = FALSE
	EndGlobalSection
EndGlobal
